{
  "pins" : [
    {
      "identity" : "semicolondesign_ios",
      "kind" : "remoteSourceControl",
      "location" : "https://github.com/semicolondsm/SemicolonDesign_iOS",
      "state" : {
        "revision" : "cc71850bd64ec0b9419c853aa13b24317eabfdac",
        "version" : "1.10.0"
      }
    }
  ],
  "version" : 2
}
