{
  "pins" : [
    {
      "identity" : "rxswift",
      "kind" : "remoteSourceControl",
      "location" : "https://github.com/ReactiveX/RxSwift",
      "state" : {
        "revision" : "b4307ba0b6425c0ba4178e138799946c3da594f8",
        "version" : "6.5.0"
      }
    },
    {
      "identity" : "semicolondesign_ios",
      "kind" : "remoteSourceControl",
      "location" : "https://github.com/semicolondsm/SemicolonDesign_iOS",
      "state" : {
        "revision" : "8cb39854c62192bc767f17edbd1d31de5caf8b28",
        "version" : "1.12.5"
      }
    }
  ],∑
  "version" : 2
}

