{
  "pins" : [
    {
      "identity" : "rxswift",
      "kind" : "remoteSourceControl",
      "location" : "https://github.com/ReactiveX/RxSwift",
      "state" : {
        "revision" : "b4307ba0b6425c0ba4178e138799946c3da594f8",
        "version" : "6.5.0"
      }
    },
    {
      "identity" : "semicolondesign_ios",
      "kind" : "remoteSourceControl",
      "location" : "https://github.com/semicolondsm/SemicolonDesign_iOS",
      "state" : {
        "revision" : "11fa38335b0f6259a8d4d343448ef97be8c3217c",
        "version" : "1.13.2"
      }
    }
  ],
  "version" : 2
}
