{
  "pins" : [
    {
      "identity" : "rxswift",
      "kind" : "remoteSourceControl",
      "location" : "https://github.com/ReactiveX/RxSwift",
      "state" : {
        "revision" : "b4307ba0b6425c0ba4178e138799946c3da594f8",
        "version" : "6.5.0"
      }
    },
    {
      "identity" : "semicolondesign_ios",
      "kind" : "remoteSourceControl",
      "location" : "https://github.com/semicolondsm/SemicolonDesign_iOS",
      "state" : {
        "revision" : "f1e676610096590d347276301f1e4754920aeeb7",
        "version" : "1.10.7"
      }
    }
  ],
  "version" : 2
}
